
Microsoft Visual Studio Solution File, Format Version 12.00
# Visual Studio 15
VisualStudioVersion = 15.0.28307.329
MinimumVisualStudioVersion = 10.0.40219.1
Project("{FAE04EC0-301F-11D3-BF4B-00C04F79EFBC}") = "JsonParse", "JsonParse\JsonParse\JsonParse.csproj", "{E1573887-9C14-4348-BDF0-36C3F579C243}"
EndProject
Project("{FAE04EC0-301F-11D3-BF4B-00C04F79EFBC}") = "BinaryTree", "BinaryTree\BinaryTree\BinaryTree.csproj", "{D22841FB-8C47-447B-880E-F24BBC7326DA}"
EndProject
Project("{FAE04EC0-301F-11D3-BF4B-00C04F79EFBC}") = "JsonParseObject", "JsonParse\JsonParseObject\JsonParseObject.csproj", "{D2A927D7-FAFE-4CB7-86AB-A6E19B9B8EF5}"
EndProject
Global
	GlobalSection(SolutionConfigurationPlatforms) = preSolution
		Debug|Any CPU = Debug|Any CPU
		Release|Any CPU = Release|Any CPU
	EndGlobalSection
	GlobalSection(ProjectConfigurationPlatforms) = postSolution
		{E1573887-9C14-4348-BDF0-36C3F579C243}.Debug|Any CPU.ActiveCfg = Debug|Any CPU
		{E1573887-9C14-4348-BDF0-36C3F579C243}.Debug|Any CPU.Build.0 = Debug|Any CPU
		{E1573887-9C14-4348-BDF0-36C3F579C243}.Release|Any CPU.ActiveCfg = Release|Any CPU
		{E1573887-9C14-4348-BDF0-36C3F579C243}.Release|Any CPU.Build.0 = Release|Any CPU
		{D22841FB-8C47-447B-880E-F24BBC7326DA}.Debug|Any CPU.ActiveCfg = Debug|Any CPU
		{D22841FB-8C47-447B-880E-F24BBC7326DA}.Debug|Any CPU.Build.0 = Debug|Any CPU
		{D22841FB-8C47-447B-880E-F24BBC7326DA}.Release|Any CPU.ActiveCfg = Release|Any CPU
		{D22841FB-8C47-447B-880E-F24BBC7326DA}.Release|Any CPU.Build.0 = Release|Any CPU
		{D2A927D7-FAFE-4CB7-86AB-A6E19B9B8EF5}.Debug|Any CPU.ActiveCfg = Debug|Any CPU
		{D2A927D7-FAFE-4CB7-86AB-A6E19B9B8EF5}.Debug|Any CPU.Build.0 = Debug|Any CPU
		{D2A927D7-FAFE-4CB7-86AB-A6E19B9B8EF5}.Release|Any CPU.ActiveCfg = Release|Any CPU
		{D2A927D7-FAFE-4CB7-86AB-A6E19B9B8EF5}.Release|Any CPU.Build.0 = Release|Any CPU
	EndGlobalSection
	GlobalSection(SolutionProperties) = preSolution
		HideSolutionNode = FALSE
	EndGlobalSection
	GlobalSection(ExtensibilityGlobals) = postSolution
		SolutionGuid = {4F23780B-02A6-40B2-97F0-F87DAEDD41C8}
	EndGlobalSection
EndGlobal
